
Microsoft Visual Studio Solution File, Format Version 12.00
# Visual Studio 15
VisualStudioVersion = 15.0.28307.329
MinimumVisualStudioVersion = 10.0.40219.1
Project("{FAE04EC0-301F-11D3-BF4B-00C04F79EFBC}") = "LAB4", "LAB4\LAB4.csproj", "{A6FB48D6-9870-4EB5-A868-B57EB6ADD3AF}"
EndProject
Global
	GlobalSection(SolutionConfigurationPlatforms) = preSolution
		Debug|Any CPU = Debug|Any CPU
		Release|Any CPU = Release|Any CPU
	EndGlobalSection
	GlobalSection(ProjectConfigurationPlatforms) = postSolution
		{A6FB48D6-9870-4EB5-A868-B57EB6ADD3AF}.Debug|Any CPU.ActiveCfg = Debug|Any CPU
		{A6FB48D6-9870-4EB5-A868-B57EB6ADD3AF}.Debug|Any CPU.Build.0 = Debug|Any CPU
		{A6FB48D6-9870-4EB5-A868-B57EB6ADD3AF}.Release|Any CPU.ActiveCfg = Release|Any CPU
		{A6FB48D6-9870-4EB5-A868-B57EB6ADD3AF}.Release|Any CPU.Build.0 = Release|Any CPU
	EndGlobalSection
	GlobalSection(SolutionProperties) = preSolution
		HideSolutionNode = FALSE
	EndGlobalSection
	GlobalSection(ExtensibilityGlobals) = postSolution
		SolutionGuid = {5FF96017-4351-4C1C-AF3B-2984FA212FDC}
	EndGlobalSection
EndGlobal
